// !$*UTF8*$!
{
	archiveVersion = 1;
	classes = {
	};
	objectVersion = 46;
	objects = {

		D64E06FBADF22DB4F2A8F2D1 = {isa = PBXBuildFile; fileRef = ECA0EFC13D92F30120AB523D; };
		1D79F059348EB94D090D2940 = {isa = PBXBuildFile; fileRef = 7BFBD2A3460E05AB110FBCFD; };
		97AE34A684EDF0482A40955B = {isa = PBXBuildFile; fileRef = CE2EFBBC3CD24726BCCBEC42; };
		6D71C3168001CABB2E1EEFBC = {isa = PBXBuildFile; fileRef = 65F2ACD92345B3DCF412AC27; };
		0CE5972432C3A79764B56DD9 = {isa = PBXFileReference; lastKnownFileType = sourcecode.c.h; name = OpenWareMidiControl.h; path = ../../Source/OpenWareMidiControl.h; sourceTree = "SOURCE_ROOT"; };
		1DB4EAB3FB2B61217D44CFB3 = {isa = PBXFileReference; lastKnownFileType = sourcecode.c.h; name = AppConfig.h; path = ../../Source/AppConfig.h; sourceTree = "SOURCE_ROOT"; };
		218C0405719735BD92F4EF69 = {isa = PBXFileReference; lastKnownFileType = sourcecode.c.h; name = JuceHeader.h; path = ../../Source/JuceHeader.h; sourceTree = "SOURCE_ROOT"; };
		65F2ACD92345B3DCF412AC27 = {isa = PBXFileReference; lastKnownFileType = sourcecode.c.c; name = sysex.c; path = ../../Source/sysex.c; sourceTree = "SOURCE_ROOT"; };
		7BFBD2A3460E05AB110FBCFD = {isa = PBXFileReference; lastKnownFileType = sourcecode.cpp.cpp; name = FirmwareSender.cpp; path = ../../Source/FirmwareSender.cpp; sourceTree = "SOURCE_ROOT"; };
		AD6EDAF3688A3CFAFF38EDD6 = {isa = PBXFileReference; lastKnownFileType = sourcecode.c.h; name = crc32.h; path = ../../Source/crc32.h; sourceTree = "SOURCE_ROOT"; };
		BF955A636EDC04610F29C7B2 = {isa = PBXFileReference; lastKnownFileType = sourcecode.c.h; name = AppConfig.h; path = ../../JuceLibraryCode/AppConfig.h; sourceTree = "SOURCE_ROOT"; };
		CE2EFBBC3CD24726BCCBEC42 = {isa = PBXFileReference; lastKnownFileType = sourcecode.c.c; name = crc32.c; path = ../../Source/crc32.c; sourceTree = "SOURCE_ROOT"; };
		DAA10B6762FB3E71506CE71E = {isa = PBXFileReference; lastKnownFileType = sourcecode.c.h; name = MidiStatus.h; path = ../../Source/MidiStatus.h; sourceTree = "SOURCE_ROOT"; };
		EA60314F77B27A531592CCA0 = {isa = PBXFileReference; lastKnownFileType = sourcecode.c.h; name = sysex.h; path = ../../Source/sysex.h; sourceTree = "SOURCE_ROOT"; };
		ECA0EFC13D92F30120AB523D = {isa = PBXFileReference; lastKnownFileType = file.nib; name = RecentFilesMenuTemplate.nib; path = RecentFilesMenuTemplate.nib; sourceTree = "SOURCE_ROOT"; };
		EF1A6D6239077673BED8C763 = {isa = PBXFileReference; lastKnownFileType = sourcecode.c.h; name = JuceHeader.h; path = ../../JuceLibraryCode/JuceHeader.h; sourceTree = "SOURCE_ROOT"; };
		F41CE27015A7DB96554D5BB4 = {isa = PBXFileReference; explicitFileType = "compiled.mach-o.executable"; includeInIndex = 0; path = FirmwareSender; sourceTree = "BUILT_PRODUCTS_DIR"; };
		D767B509CCB6F07D54257ACC = {isa = PBXGroup; children = (
					1DB4EAB3FB2B61217D44CFB3,
					7BFBD2A3460E05AB110FBCFD,
					218C0405719735BD92F4EF69,
					DAA10B6762FB3E71506CE71E,
					0CE5972432C3A79764B56DD9,
					CE2EFBBC3CD24726BCCBEC42,
					AD6EDAF3688A3CFAFF38EDD6,
					65F2ACD92345B3DCF412AC27,
					EA60314F77B27A531592CCA0, ); name = Source; sourceTree = "<group>"; };
		C300CE29BA69DF60351044F0 = {isa = PBXGroup; children = (
					D767B509CCB6F07D54257ACC, ); name = FirmwareSender; sourceTree = "<group>"; };
		C25309BF2180DEE6FB4B3836 = {isa = PBXGroup; children = (
					BF955A636EDC04610F29C7B2,
					EF1A6D6239077673BED8C763, ); name = "Juce Library Code"; sourceTree = "<group>"; };
		24D78E4493E18C29C49650BE = {isa = PBXGroup; children = (
					ECA0EFC13D92F30120AB523D, ); name = Resources; sourceTree = "<group>"; };
		320712D6E5CEA2D73528BBEB = {isa = PBXGroup; children = (  ); name = Frameworks; sourceTree = "<group>"; };
		EDD973F96F788FB719FAE0C7 = {isa = PBXGroup; children = (
					F41CE27015A7DB96554D5BB4, ); name = Products; sourceTree = "<group>"; };
		64B729145C4538791A2F220D = {isa = PBXGroup; children = (
					C300CE29BA69DF60351044F0,
					C25309BF2180DEE6FB4B3836,
					24D78E4493E18C29C49650BE,
					320712D6E5CEA2D73528BBEB,
					EDD973F96F788FB719FAE0C7, ); name = Source; sourceTree = "<group>"; };
		1FE387BC906FC4078A65C7A2 = {isa = XCBuildConfiguration; buildSettings = {
				CLANG_CXX_LANGUAGE_STANDARD = "c++0x";
				CLANG_LINK_OBJC_RUNTIME = NO;
				COMBINE_HIDPI_IMAGES = YES;
				CONFIGURATION_BUILD_DIR = "$(PROJECT_DIR)/build/$(CONFIGURATION)";
				COPY_PHASE_STRIP = NO;
				GCC_DYNAMIC_NO_PIC = NO;
				GCC_OPTIMIZATION_LEVEL = 0;
				GCC_PREPROCESSOR_DEFINITIONS = (
					"_DEBUG=1",
					"DEBUG=1",
					"JUCER_XCODE_MAC_F6D2F4CF=1",
					"JUCE_APP_VERSION=1.0.0",
					"JUCE_APP_VERSION_HEX=0x10000", );
				GCC_VERSION = com.apple.compilers.llvm.clang.1_0;
				HEADER_SEARCH_PATHS = ("../../JuceLibraryCode", "$(inherited)");
				INFOPLIST_FILE = Info.plist;
				INSTALL_PATH = "/usr/bin";
				MACOSX_DEPLOYMENT_TARGET_ppc = 10.4;
				OTHER_CPLUSPLUSFLAGS = "-std=c++11";
				SDKROOT_ppc = macosx10.5; }; name = Debug; };
		9A09F24C511E829855FF4760 = {isa = XCBuildConfiguration; buildSettings = {
				CLANG_CXX_LANGUAGE_STANDARD = "c++0x";
				CLANG_LINK_OBJC_RUNTIME = NO;
				COMBINE_HIDPI_IMAGES = YES;
				CONFIGURATION_BUILD_DIR = "$(PROJECT_DIR)/build/$(CONFIGURATION)";
				DEAD_CODE_STRIPPING = YES;
				GCC_GENERATE_DEBUGGING_SYMBOLS = NO;
				GCC_OPTIMIZATION_LEVEL = s;
				GCC_PREPROCESSOR_DEFINITIONS = (
					"_NDEBUG=1",
					"NDEBUG=1",
					"JUCER_XCODE_MAC_F6D2F4CF=1",
					"JUCE_APP_VERSION=1.0.0",
					"JUCE_APP_VERSION_HEX=0x10000", );
				GCC_SYMBOLS_PRIVATE_EXTERN = YES;
				GCC_VERSION = com.apple.compilers.llvm.clang.1_0;
				HEADER_SEARCH_PATHS = ("../../JuceLibraryCode", "$(inherited)");
				INFOPLIST_FILE = Info.plist;
				INSTALL_PATH = "/usr/bin";
				MACOSX_DEPLOYMENT_TARGET_ppc = 10.4;
				OTHER_CPLUSPLUSFLAGS = "-std=c++11";
				SDKROOT_ppc = macosx10.5; }; name = Release; };
		0545C4EDA6AC849BDC1137A1 = {isa = XCBuildConfiguration; buildSettings = {
				ALWAYS_SEARCH_USER_PATHS = NO;
				DEBUG_INFORMATION_FORMAT = "dwarf";
				GCC_C_LANGUAGE_STANDARD = c99;
				GCC_INLINES_ARE_PRIVATE_EXTERN = YES;
				GCC_MODEL_TUNING = G5;
				GCC_WARN_ABOUT_RETURN_TYPE = YES;
				GCC_WARN_CHECK_SWITCH_STATEMENTS = YES;
				GCC_WARN_MISSING_PARENTHESES = YES;
				GCC_WARN_NON_VIRTUAL_DESTRUCTOR = YES;
				GCC_WARN_TYPECHECK_CALLS_TO_PRINTF = YES;
				GCC_WARN_UNUSED_VARIABLE = YES;
				ONLY_ACTIVE_ARCH = YES;
				PRODUCT_NAME = "FirmwareSender";
				WARNING_CFLAGS = -Wreorder;
				ZERO_LINK = NO; }; name = Debug; };
		0AF55BFE186927AB75F91F38 = {isa = XCBuildConfiguration; buildSettings = {
				ALWAYS_SEARCH_USER_PATHS = NO;
				DEBUG_INFORMATION_FORMAT = "dwarf";
				GCC_C_LANGUAGE_STANDARD = c99;
				GCC_INLINES_ARE_PRIVATE_EXTERN = YES;
				GCC_MODEL_TUNING = G5;
				GCC_WARN_ABOUT_RETURN_TYPE = YES;
				GCC_WARN_CHECK_SWITCH_STATEMENTS = YES;
				GCC_WARN_MISSING_PARENTHESES = YES;
				GCC_WARN_NON_VIRTUAL_DESTRUCTOR = YES;
				GCC_WARN_TYPECHECK_CALLS_TO_PRINTF = YES;
				GCC_WARN_UNUSED_VARIABLE = YES;
				PRODUCT_NAME = "FirmwareSender";
				WARNING_CFLAGS = -Wreorder;
				ZERO_LINK = NO; }; name = Release; };
		DF917FE47B921012CF96C780 = {isa = XCConfigurationList; buildConfigurations = (
					0545C4EDA6AC849BDC1137A1,
					0AF55BFE186927AB75F91F38, ); defaultConfigurationIsVisible = 0; defaultConfigurationName = Debug; };
		56AA274DC4D5A6CC8424BDD9 = {isa = XCConfigurationList; buildConfigurations = (
					1FE387BC906FC4078A65C7A2,
					9A09F24C511E829855FF4760, ); defaultConfigurationIsVisible = 0; defaultConfigurationName = Debug; };
		E2FB21C78AC81D8CD55B11FD = {isa = PBXResourcesBuildPhase; buildActionMask = 2147483647; files = (
					D64E06FBADF22DB4F2A8F2D1, ); runOnlyForDeploymentPostprocessing = 0; };
		259FFB346BF77C915404B9F6 = {isa = PBXSourcesBuildPhase; buildActionMask = 2147483647; files = (
					1D79F059348EB94D090D2940,
					97AE34A684EDF0482A40955B,
					6D71C3168001CABB2E1EEFBC, ); runOnlyForDeploymentPostprocessing = 0; };
		1108FD82F3C01EF4BAD58591 = {isa = PBXFrameworksBuildPhase; buildActionMask = 2147483647; files = (  ); runOnlyForDeploymentPostprocessing = 0; };
		3BAB285AF41D5E62AB5BADA5 = {isa = PBXNativeTarget; buildConfigurationList = 56AA274DC4D5A6CC8424BDD9; buildPhases = (
					E2FB21C78AC81D8CD55B11FD,
					259FFB346BF77C915404B9F6,
					1108FD82F3C01EF4BAD58591, ); buildRules = ( ); dependencies = ( ); name = FirmwareSender; productName = FirmwareSender; productReference = F41CE27015A7DB96554D5BB4; productInstallPath = /usr/bin; productType = "com.apple.product-type.tool"; };
		E27E27978F8F206D89B9537B = {isa = PBXProject; buildConfigurationList = DF917FE47B921012CF96C780; attributes = { LastUpgradeCheck = 0440; }; compatibilityVersion = "Xcode 3.2"; hasScannedForEncodings = 0; mainGroup = 64B729145C4538791A2F220D; projectDirPath = ""; projectRoot = ""; targets = ( 3BAB285AF41D5E62AB5BADA5 ); };
	};
	rootObject = E27E27978F8F206D89B9537B;
}
